{
  "name": "auto-fetch",
  "version": "1.0.0",
  "lockfileVersion": 1,
  "requires": true,
  "dependencies": {
    "axios": {
      "version": "0.18.0",
      "resolved": "http://r.npm.sankuai.com/axios/download/axios-0.18.0.tgz",
      "integrity": "sha1-MtU+SFHv3AoRmTts0AB4nXDAUQI=",
      "requires": {
        "follow-redirects": "1.5.5",
        "is-buffer": "1.1.6"
      }
    },
    "debug": {
      "version": "3.1.0",
      "resolved": "http://r.npm.sankuai.com/debug/download/debug-3.1.0.tgz",
      "integrity": "sha1-W7WgZyYotkFJVmuhaBnmFRjGcmE=",
      "requires": {
        "ms": "2.0.0"
      }
    },
    "follow-redirects": {
      "version": "1.5.5",
      "resolved": "http://r.npm.sankuai.com/follow-redirects/download/follow-redirects-1.5.5.tgz",
      "integrity": "sha1-PBQ8pZmi4i5ih2aH1osj1VuteIs=",
      "requires": {
        "debug": "3.1.0"
      }
    },
    "get-value": {
      "version": "3.0.1",
      "resolved": "http://r.npm.sankuai.com/get-value/download/get-value-3.0.1.tgz",
      "integrity": "sha1-Xv0qFX8dalFtdSThJKxS0KOe9ag=",
      "requires": {
        "isobject": "3.0.1"
      }
    },
    "is-buffer": {
      "version": "1.1.6",
      "resolved": "http://r.npm.sankuai.com/is-buffer/download/is-buffer-1.1.6.tgz",
      "integrity": "sha1-76ouqdqg16suoTqXsritUf776L4="
    },
    "isobject": {
      "version": "3.0.1",
      "resolved": "http://r.npm.sankuai.com/isobject/download/isobject-3.0.1.tgz",
      "integrity": "sha1-TkMekrEalzFjaqH5yNHMvP2reN8="
    },
    "ms": {
      "version": "2.0.0",
      "resolved": "http://r.npm.sankuai.com/ms/download/ms-2.0.0.tgz",
      "integrity": "sha1-VgiurfwAvmwpAd9fmGF4jeDVl8g="
    },
    "nodemailer": {
      "version": "4.6.7",
      "resolved": "http://r.npm.sankuai.com/nodemailer/download/nodemailer-4.6.7.tgz",
      "integrity": "sha1-to3n821lYYve7rdiNONUfVEmY3M="
    }
  }
}
